version = 1
revision = 3
requires-python = "==3.10.*"
resolution-markers = [
    "platform_machine == 'aarch64' and sys_platform == 'linux'",
    "platform_machine != 'aarch64' and sys_platform == 'linux'",
]
supported-markers = [
    "sys_platform == 'linux'",
]

[[package]]
name = "certifi"
version = "2026.5.20"
source = { registry = "https://pypi.org/simple" }
sdist = { url = "https://files.pythonhosted.org/packages/f3/ce/ee2ecad540810a79593028e88299baeae54d346cc7a0d94b6199988b89b1/certifi-2026.5.20.tar.gz", hash = "sha256:69dea482ab64caa7b9f6aba1c6bf48bb6a5448d1c0f1b17ab42ad8c763a5344d", size = 135422, upload-time = "2026-05-20T11:46:50.073Z" }
wheels = [
    { url = "https://files.pythonhosted.org/packages/59/8c/57e832b7af6d7c5abe66eb3fbe3a3a32f4d11ea23a1aa7131371035be991/certifi-2026.5.20-py3-none-any.whl", hash = "sha256:3c52e209ba0a4ad7aebe60436a4ab349c39e1e602e8c134221e546902ad25897", size = 134134, upload-time = "2026-05-20T11:46:48.578Z" },
]

[[package]]
name = "charset-normalizer"
version = "3.4.7"
source = { registry = "https://pypi.org/simple" }
sdist = { url = "https://files.pythonhosted.org/packages/e7/a1/67fe25fac3c7642725500a3f6cfe5821ad557c3abb11c9d20d12c7008d3e/charset_normalizer-3.4.7.tar.gz", hash = "sha256:ae89db9e5f98a11a4bf50407d4363e7b09b31e55bc117b4f7d80aab97ba009e5", size = 144271, upload-time = "2026-04-02T09:28:39.342Z" }
wheels = [
    { url = "https://files.pythonhosted.org/packages/24/47/b192933e94b546f1b1fe4df9cc1f84fcdbf2359f8d1081d46dd029b50207/charset_normalizer-3.4.7-cp310-cp310-manylinux2014_aarch64.manylinux_2_17_aarch64.manylinux_2_28_aarch64.whl", hash = "sha256:e17b8d5d6a8c47c85e68ca8379def1303fd360c3e22093a807cd34a71cd082b8", size = 209329, upload-time = "2026-04-02T09:25:42.354Z" },
    { url = "https://files.pythonhosted.org/packages/c2/b4/01fa81c5ca6141024d89a8fc15968002b71da7f825dd14113207113fabbd/charset_normalizer-3.4.7-cp310-cp310-manylinux2014_ppc64le.manylinux_2_17_ppc64le.manylinux_2_28_ppc64le.whl", hash = "sha256:511ef87c8aec0783e08ac18565a16d435372bc1ac25a91e6ac7f5ef2b0bff790", size = 231230, upload-time = "2026-04-02T09:25:44.281Z" },
    { url = "https://files.pythonhosted.org/packages/20/f7/7b991776844dfa058017e600e6e55ff01984a063290ca5622c0b63162f68/charset_normalizer-3.4.7-cp310-cp310-manylinux2014_s390x.manylinux_2_17_s390x.manylinux_2_28_s390x.whl", hash = "sha256:007d05ec7321d12a40227aae9e2bc6dca73f3cb21058999a1df9e193555a9dcc", size = 225890, upload-time = "2026-04-02T09:25:45.475Z" },
    { url = "https://files.pythonhosted.org/packages/20/e7/bed0024a0f4ab0c8a9c64d4445f39b30c99bd1acd228291959e3de664247/charset_normalizer-3.4.7-cp310-cp310-manylinux2014_x86_64.manylinux_2_17_x86_64.manylinux_2_28_x86_64.whl", hash = "sha256:cf29836da5119f3c8a8a70667b0ef5fdca3bb12f80fd06487cfa575b3909b393", size = 216930, upload-time = "2026-04-02T09:25:46.58Z" },
    { url = "https://files.pythonhosted.org/packages/e2/ab/b18f0ab31cdd7b3ddb8bb76c4a414aeb8160c9810fdf1bc62f269a539d87/charset_normalizer-3.4.7-cp310-cp310-manylinux_2_31_armv7l.whl", hash = "sha256:12d8baf840cc7889b37c7c770f478adea7adce3dcb3944d02ec87508e2dcf153", size = 202109, upload-time = "2026-04-02T09:25:48.031Z" },
    { url = "https://files.pythonhosted.org/packages/82/e5/7e9440768a06dfb3075936490cb82dbf0ee20a133bf0dd8551fa096914ec/charset_normalizer-3.4.7-cp310-cp310-manylinux_2_31_riscv64.manylinux_2_39_riscv64.whl", hash = "sha256:d560742f3c0d62afaccf9f41fe485ed69bd7661a241f86a3ef0f0fb8b1a397af", size = 214684, upload-time = "2026-04-02T09:25:49.245Z" },
    { url = "https://files.pythonhosted.org/packages/71/94/8c61d8da9f062fdf457c80acfa25060ec22bf1d34bbeaca4350f13bcfd07/charset_normalizer-3.4.7-cp310-cp310-musllinux_1_2_aarch64.whl", hash = "sha256:b14b2d9dac08e28bb8046a1a0434b1750eb221c8f5b87a68f4fa11a6f97b5e34", size = 212785, upload-time = "2026-04-02T09:25:50.671Z" },
    { url = "https://files.pythonhosted.org/packages/66/cd/6e9889c648e72c0ab2e5967528bb83508f354d706637bc7097190c874e13/charset_normalizer-3.4.7-cp310-cp310-musllinux_1_2_armv7l.whl", hash = "sha256:bc17a677b21b3502a21f66a8cc64f5bfad4df8a0b8434d661666f8ce90ac3af1", size = 203055, upload-time = "2026-04-02T09:25:51.802Z" },
    { url = "https://files.pythonhosted.org/packages/92/2e/7a951d6a08aefb7eb8e1b54cdfb580b1365afdd9dd484dc4bee9e5d8f258/charset_normalizer-3.4.7-cp310-cp310-musllinux_1_2_ppc64le.whl", hash = "sha256:750e02e074872a3fad7f233b47734166440af3cdea0add3e95163110816d6752", size = 232502, upload-time = "2026-04-02T09:25:53.388Z" },
    { url = "https://files.pythonhosted.org/packages/58/d5/abcf2d83bf8e0a1286df55cd0dc1d49af0da4282aa77e986df343e7de124/charset_normalizer-3.4.7-cp310-cp310-musllinux_1_2_riscv64.whl", hash = "sha256:4e5163c14bffd570ef2affbfdd77bba66383890797df43dc8b4cc7d6f500bf53", size = 214295, upload-time = "2026-04-02T09:25:54.765Z" },
    { url = "https://files.pythonhosted.org/packages/47/3a/7d4cd7ed54be99973a0dc176032cba5cb1f258082c31fa6df35cff46acfc/charset_normalizer-3.4.7-cp310-cp310-musllinux_1_2_s390x.whl", hash = "sha256:6ed74185b2db44f41ef35fd1617c5888e59792da9bbc9190d6c7300617182616", size = 227145, upload-time = "2026-04-02T09:25:55.904Z" },
    { url = "https://files.pythonhosted.org/packages/1d/98/3a45bf8247889cf28262ebd3d0872edff11565b2a1e3064ccb132db3fbb0/charset_normalizer-3.4.7-cp310-cp310-musllinux_1_2_x86_64.whl", hash = "sha256:94e1885b270625a9a828c9793b4d52a64445299baa1fea5a173bf1d3dd9a1a5a", size = 218884, upload-time = "2026-04-02T09:25:57.074Z" },
    { url = "https://files.pythonhosted.org/packages/db/8f/61959034484a4a7c527811f4721e75d02d653a35afb0b6054474d8185d4c/charset_normalizer-3.4.7-py3-none-any.whl", hash = "sha256:3dce51d0f5e7951f8bb4900c257dad282f49190fdbebecd4ba99bcc41fef404d", size = 61958, upload-time = "2026-04-02T09:28:37.794Z" },
]

[[package]]
name = "decord"
version = "0.6.0"
source = { registry = "https://pypi.org/simple" }
dependencies = [
    { name = "numpy", marker = "sys_platform == 'linux'" },
]
wheels = [
    { url = "https://files.pythonhosted.org/packages/11/79/936af42edf90a7bd4e41a6cac89c913d4b47fa48a26b042d5129a9242ee3/decord-0.6.0-py3-none-manylinux2010_x86_64.whl", hash = "sha256:51997f20be8958e23b7c4061ba45d0efcd86bffd5fe81c695d0befee0d442976", size = 13602299, upload-time = "2021-06-14T21:30:55.486Z" },
]

[[package]]
name = "einops"
version = "0.8.2"
source = { registry = "https://pypi.org/simple" }
sdist = { url = "https://files.pythonhosted.org/packages/2c/77/850bef8d72ffb9219f0b1aac23fbc1bf7d038ee6ea666f331fa273031aa2/einops-0.8.2.tar.gz", hash = "sha256:609da665570e5e265e27283aab09e7f279ade90c4f01bcfca111f3d3e13f2827", size = 56261, upload-time = "2026-01-26T04:13:17.638Z" }
wheels = [
    { url = "https://files.pythonhosted.org/packages/2a/09/f8d8f8f31e4483c10a906437b4ce31bdf3d6d417b73fe33f1a8b59e34228/einops-0.8.2-py3-none-any.whl", hash = "sha256:54058201ac7087911181bfec4af6091bb59380360f069276601256a76af08193", size = 65638, upload-time = "2026-01-26T04:13:18.546Z" },
]

[[package]]
name = "idna"
version = "3.18"
source = { registry = "https://pypi.org/simple" }
sdist = { url = "https://files.pythonhosted.org/packages/cd/63/9496c57188a2ee585e0f1db071d75089a11e98aa86eb99d9d7618fc1edce/idna-3.18.tar.gz", hash = "sha256:ffb385a7e039654cef1ab9ef32c6fafe283c0c0467bba1d9029738ce4a14a848", size = 196711, upload-time = "2026-06-02T14:34:07.794Z" }
wheels = [
    { url = "https://files.pythonhosted.org/packages/1e/5e/d4e9f1a599fb8e573b7b87160658329fbf28d19eac2718f51fc3def3aa5a/idna-3.18-py3-none-any.whl", hash = "sha256:7f952cbe720b688055e3f87de14f5c3e5fdaa8bc3928985c4077ca689de849a2", size = 65455, upload-time = "2026-06-02T14:34:06.319Z" },
]

[[package]]
name = "joblib"
version = "1.5.3"
source = { registry = "https://pypi.org/simple" }
sdist = { url = "https://files.pythonhosted.org/packages/41/f2/d34e8b3a08a9cc79a50b2208a93dce981fe615b64d5a4d4abee421d898df/joblib-1.5.3.tar.gz", hash = "sha256:8561a3269e6801106863fd0d6d84bb737be9e7631e33aaed3fb9ce5953688da3", size = 331603, upload-time = "2025-12-15T08:41:46.427Z" }
wheels = [
    { url = "https://files.pythonhosted.org/packages/7b/91/984aca2ec129e2757d1e4e3c81c3fcda9d0f85b74670a094cc443d9ee949/joblib-1.5.3-py3-none-any.whl", hash = "sha256:5fc3c5039fc5ca8c0276333a188bbd59d6b7ab37fe6632daa76bc7f9ec18e713", size = 309071, upload-time = "2025-12-15T08:41:44.973Z" },
]

[[package]]
name = "numpy"
version = "1.21.6"
source = { registry = "https://pypi.org/simple" }
sdist = { url = "https://files.pythonhosted.org/packages/45/b7/de7b8e67f2232c26af57c205aaad29fe17754f793404f59c8a730c7a191a/numpy-1.21.6.zip", hash = "sha256:ecb55251139706669fdec2ff073c98ef8e9a84473e51e716211b41aa0f18e656", size = 10274544, upload-time = "2022-04-12T15:23:55.653Z" }
wheels = [
    { url = "https://files.pythonhosted.org/packages/57/ba/d8cbdfd507b541bb247beff24d9d7304ac8ffc379cf585701187d45d4512/numpy-1.21.6-cp310-cp310-manylinux_2_17_aarch64.manylinux2014_aarch64.whl", hash = "sha256:f17e562de9edf691a42ddb1eb4a5541c20dd3f9e65b09ded2beb0799c0cf29bb", size = 13019278, upload-time = "2022-04-12T14:49:20.896Z" },
    { url = "https://files.pythonhosted.org/packages/6f/7b/036000a55680e6c7eb81502b0aa27ce0ed65d4d8805613909967d9f8baf6/numpy-1.21.6-cp310-cp310-manylinux_2_17_x86_64.manylinux2014_x86_64.whl", hash = "sha256:5f30427731561ce75d7048ac254dbe47a2ba576229250fb60f0fb74db96501a1", size = 15906004, upload-time = "2022-04-12T14:49:44.734Z" },
]

[[package]]
name = "opencv-python"
version = "4.7.0.72"
source = { registry = "https://pypi.org/simple" }
dependencies = [
    { name = "numpy", marker = "sys_platform == 'linux'" },
]
sdist = { url = "https://files.pythonhosted.org/packages/40/93/655af887bafece2a655998f53b9bd21ad94b0627d81d44aef35c79f40de6/opencv-python-4.7.0.72.tar.gz", hash = "sha256:3424794a711f33284581f3c1e4b071cfc827d02b99d6fd9a35391f517c453306", size = 91093645, upload-time = "2023-02-22T19:12:33.96Z" }
wheels = [
    { url = "https://files.pythonhosted.org/packages/9e/b9/0d479c9ce987ba3c894c08785a4a3c38651e8cb14800fbe788d3ed8d3c11/opencv_python-4.7.0.72-cp37-abi3-manylinux_2_17_aarch64.manylinux2014_aarch64.whl", hash = "sha256:cd08343654c6b88c5a8c25bf425f8025aed2e3189b4d7306b5861d32affaf737", size = 40381769, upload-time = "2023-02-22T19:11:24.269Z" },
    { url = "https://files.pythonhosted.org/packages/29/35/a791b550cdeb4efd8b66e921748f2aff938868a29794489d93575d604a02/opencv_python-4.7.0.72-cp37-abi3-manylinux_2_17_x86_64.manylinux2014_x86_64.whl", hash = "sha256:ebfc0a3a2f57716e709028b992e4de7fd8752105d7a768531c4f434043c6f9ff", size = 61828945, upload-time = "2023-02-22T19:12:26.214Z" },
]

[[package]]
name = "packaging"
version = "26.2"
source = { registry = "https://pypi.org/simple" }
sdist = { url = "https://files.pythonhosted.org/packages/d7/f1/e7a6dd94a8d4a5626c03e4e99c87f241ba9e350cd9e6d75123f992427270/packaging-26.2.tar.gz", hash = "sha256:ff452ff5a3e828ce110190feff1178bb1f2ea2281fa2075aadb987c2fb221661", size = 228134, upload-time = "2026-04-24T20:15:23.917Z" }
wheels = [
    { url = "https://files.pythonhosted.org/packages/df/b2/87e62e8c3e2f4b32e5fe99e0b86d576da1312593b39f47d8ceef365e95ed/packaging-26.2-py3-none-any.whl", hash = "sha256:5fc45236b9446107ff2415ce77c807cee2862cb6fac22b8a73826d0693b0980e", size = 100195, upload-time = "2026-04-24T20:15:22.081Z" },
]

[[package]]
name = "pandas"
version = "1.3.5"
source = { registry = "https://pypi.org/simple" }
dependencies = [
    { name = "numpy", marker = "sys_platform == 'linux'" },
    { name = "python-dateutil", marker = "sys_platform == 'linux'" },
    { name = "pytz", marker = "sys_platform == 'linux'" },
]
sdist = { url = "https://files.pythonhosted.org/packages/99/f0/f99700ef327e51d291efdf4a6de29e685c4d198cbf8531541fc84d169e0e/pandas-1.3.5.tar.gz", hash = "sha256:1e4285f5de1012de20ca46b188ccf33521bff61ba5c5ebd78b4fb28e5416a9f1", size = 4736591, upload-time = "2021-12-12T14:46:59.173Z" }
wheels = [
    { url = "https://files.pythonhosted.org/packages/4a/dd/ff9ff3a3330e4e37d8146e19ef7a33324072dabea7c355afe820b6c38a2d/pandas-1.3.5-cp310-cp310-manylinux_2_17_aarch64.manylinux2014_aarch64.whl", hash = "sha256:fd541ab09e1f80a2a1760032d665f6e032d8e44055d602d65eeea6e6e85498cb", size = 10901427, upload-time = "2021-12-12T14:38:49.263Z" },
    { url = "https://files.pythonhosted.org/packages/ff/7a/1ce22f0f009ee31878f717bd5b3221e993a7ebc02391d7a315982c2224dc/pandas-1.3.5-cp310-cp310-manylinux_2_17_x86_64.manylinux2014_x86_64.whl", hash = "sha256:2651d75b9a167cc8cc572cf787ab512d16e316ae00ba81874b560586fa1325e0", size = 11549648, upload-time = "2021-12-12T14:39:44.997Z" },
]

[[package]]
name = "pfr-vitcow-videomae"
version = "0.1.0"
source = { virtual = "." }
dependencies = [
    { name = "decord", marker = "sys_platform == 'linux'" },
    { name = "einops", marker = "sys_platform == 'linux'" },
    { name = "numpy", marker = "sys_platform == 'linux'" },
    { name = "opencv-python", marker = "sys_platform == 'linux'" },
    { name = "pandas", marker = "sys_platform == 'linux'" },
    { name = "scikit-learn", marker = "sys_platform == 'linux'" },
    { name = "scipy", marker = "sys_platform == 'linux'" },
    { name = "tensorboardx", marker = "sys_platform == 'linux'" },
    { name = "timm", marker = "sys_platform == 'linux'" },
    { name = "torch", version = "1.13.1", source = { registry = "https://download.pytorch.org/whl/cu116" }, marker = "platform_machine == 'aarch64' and sys_platform == 'linux'" },
    { name = "torch", version = "1.13.1+cu116", source = { registry = "https://download.pytorch.org/whl/cu116" }, marker = "platform_machine != 'aarch64' and sys_platform == 'linux'" },
    { name = "torchvision", version = "0.14.1", source = { registry = "https://download.pytorch.org/whl/cu116" }, marker = "platform_machine == 'aarch64' and sys_platform == 'linux'" },
    { name = "torchvision", version = "0.14.1+cu116", source = { registry = "https://download.pytorch.org/whl/cu116" }, marker = "platform_machine != 'aarch64' and sys_platform == 'linux'" },
]

[package.metadata]
requires-dist = [
    { name = "decord" },
    { name = "einops" },
    { name = "numpy", specifier = "==1.21.6" },
    { name = "opencv-python", specifier = "==4.7.0.72" },
    { name = "pandas", specifier = "==1.3.5" },
    { name = "scikit-learn", specifier = "==1.0.2" },
    { name = "scipy", specifier = "==1.7.3" },
    { name = "tensorboardx" },
    { name = "timm", specifier = "==0.4.12" },
    { name = "torch", specifier = "==1.13.1", index = "https://download.pytorch.org/whl/cu116" },
    { name = "torchvision", specifier = "==0.14.1", index = "https://download.pytorch.org/whl/cu116" },
]

[[package]]
name = "pillow"
version = "12.2.0"
source = { registry = "https://pypi.org/simple" }
sdist = { url = "https://files.pythonhosted.org/packages/8c/21/c2bcdd5906101a30244eaffc1b6e6ce71a31bd0742a01eb89e660ebfac2d/pillow-12.2.0.tar.gz", hash = "sha256:a830b1a40919539d07806aa58e1b114df53ddd43213d9c8b75847eee6c0182b5", size = 46987819, upload-time = "2026-04-01T14:46:17.687Z" }
wheels = [
    { url = "https://files.pythonhosted.org/packages/f0/c5/dcb7a6ca6b7d3be41a76958e90018d56c8462166b3ef223150360850c8da/pillow-12.2.0-cp310-cp310-manylinux2014_aarch64.manylinux_2_17_aarch64.whl", hash = "sha256:a52edc8bfff4429aaabdf4d9ee0daadbbf8562364f940937b941f87a4290f5ff", size = 6269734, upload-time = "2026-04-01T14:42:20.608Z" },
    { url = "https://files.pythonhosted.org/packages/ea/f1/aa1bb13b2f4eba914e9637893c73f2af8e48d7d4023b9d3750d4c5eb2d0c/pillow-12.2.0-cp310-cp310-manylinux2014_x86_64.manylinux_2_17_x86_64.whl", hash = "sha256:975385f4776fafde056abb318f612ef6285b10a1f12b8570f3647ad0d74b48ec", size = 8076080, upload-time = "2026-04-01T14:42:23.095Z" },
    { url = "https://files.pythonhosted.org/packages/a1/2a/8c79d6a53169937784604a8ae8d77e45888c41537f7f6f65ed1f407fe66d/pillow-12.2.0-cp310-cp310-manylinux_2_27_aarch64.manylinux_2_28_aarch64.whl", hash = "sha256:bd9c0c7a0c681a347b3194c500cb1e6ca9cab053ea4d82a5cf45b6b754560136", size = 6382236, upload-time = "2026-04-01T14:42:25.82Z" },
    { url = "https://files.pythonhosted.org/packages/b5/42/bbcb6051030e1e421d103ce7a8ecadf837aa2f39b8f82ef1a8d37c3d4ebc/pillow-12.2.0-cp310-cp310-manylinux_2_27_x86_64.manylinux_2_28_x86_64.whl", hash = "sha256:88d387ff40b3ff7c274947ed3125dedf5262ec6919d83946753b5f3d7c67ea4c", size = 7070220, upload-time = "2026-04-01T14:42:28.68Z" },
    { url = "https://files.pythonhosted.org/packages/3f/e1/c2a7d6dd8cfa6b231227da096fd2d58754bab3603b9d73bf609d3c18b64f/pillow-12.2.0-cp310-cp310-musllinux_1_2_aarch64.whl", hash = "sha256:51c4167c34b0d8ba05b547a3bb23578d0ba17b80a5593f93bd8ecb123dd336a3", size = 6493124, upload-time = "2026-04-01T14:42:31.579Z" },
    { url = "https://files.pythonhosted.org/packages/5f/41/7c8617da5d32e1d2f026e509484fdb6f3ad7efaef1749a0c1928adbb099e/pillow-12.2.0-cp310-cp310-musllinux_1_2_x86_64.whl", hash = "sha256:34c0d99ecccea270c04882cb3b86e7b57296079c9a4aff88cb3b33563d95afaa", size = 7194324, upload-time = "2026-04-01T14:42:34.615Z" },
]

[[package]]
name = "protobuf"
version = "7.35.1"
source = { registry = "https://pypi.org/simple" }
sdist = { url = "https://files.pythonhosted.org/packages/da/01/9ef0afd7999eb9badb3a768b4aedd78c86d4c65cfaf1958ab276199e76b4/protobuf-7.35.1.tar.gz", hash = "sha256:ce115a26fe0c39a2c29973d914d327e516a6455464489fe3cd1e51a1b354f81a", size = 458717, upload-time = "2026-06-11T21:55:40.257Z" }
wheels = [
    { url = "https://files.pythonhosted.org/packages/37/4b/dfb89eb0e652a1ff073c39a59fb5e3a83cfe9b57a2c83fa6d78270101767/protobuf-7.35.1-cp310-abi3-manylinux2014_aarch64.whl", hash = "sha256:11d6b0ec246892d85215b0a13ca6e0233cf5284b68f0ac02646427f4ff88a799", size = 328847, upload-time = "2026-06-11T21:55:34.035Z" },
    { url = "https://files.pythonhosted.org/packages/0f/58/dc12f2cd484951524af6e3382c785869b9b3fb5e52ee95ae23add53ee8f9/protobuf-7.35.1-cp310-abi3-manylinux2014_s390x.whl", hash = "sha256:b73f9489a4b8b1c9cb1f8ed951c736392592edb24b9d6819f36d2e10b171d5b4", size = 344030, upload-time = "2026-06-11T21:55:34.941Z" },
    { url = "https://files.pythonhosted.org/packages/e4/be/5b3cfe508bfab6761414ff944e3366eb13be4fd71efcd69450f89ba39f43/protobuf-7.35.1-cp310-abi3-manylinux2014_x86_64.whl", hash = "sha256:74758715c53d7158fb76caf4f0cfdacc5329a4b1bb994f865d6cf302d413a1c4", size = 327130, upload-time = "2026-06-11T21:55:35.921Z" },
    { url = "https://files.pythonhosted.org/packages/19/c7/5f7c636ec43e0c545e28d1f1db71990108306f7bdcb89f069ba97e428e7f/protobuf-7.35.1-py3-none-any.whl", hash = "sha256:4bc97768d8fe4ad6743c8a19403e314511ed9f6d13205b687e52421c023ac1b9", size = 171659, upload-time = "2026-06-11T21:55:39.155Z" },
]

[[package]]
name = "python-dateutil"
version = "2.9.0.post0"
source = { registry = "https://pypi.org/simple" }
dependencies = [
    { name = "six", marker = "sys_platform == 'linux'" },
]
sdist = { url = "https://files.pythonhosted.org/packages/66/c0/0c8b6ad9f17a802ee498c46e004a0eb49bc148f2fd230864601a86dcf6db/python-dateutil-2.9.0.post0.tar.gz", hash = "sha256:37dd54208da7e1cd875388217d5e00ebd4179249f90fb72437e91a35459a0ad3", size = 342432, upload-time = "2024-03-01T18:36:20.211Z" }
wheels = [
    { url = "https://files.pythonhosted.org/packages/ec/57/56b9bcc3c9c6a792fcbaf139543cee77261f3651ca9da0c93f5c1221264b/python_dateutil-2.9.0.post0-py2.py3-none-any.whl", hash = "sha256:a8b2bc7bffae282281c8140a97d3aa9c14da0b136dfe83f850eea9a5f7470427", size = 229892, upload-time = "2024-03-01T18:36:18.57Z" },
]

[[package]]
name = "pytz"
version = "2026.2"
source = { registry = "https://pypi.org/simple" }
sdist = { url = "https://files.pythonhosted.org/packages/ff/46/dd499ec9038423421951e4fad73051febaa13d2df82b4064f87af8b8c0c3/pytz-2026.2.tar.gz", hash = "sha256:0e60b47b29f21574376f218fe21abc009894a2321ea16c6754f3cad6eb7cdd6a", size = 320861, upload-time = "2026-05-04T01:35:29.667Z" }
wheels = [
    { url = "https://files.pythonhosted.org/packages/ec/dd/96da98f892250475bdf2328112d7468abdd4acc7b902b6af23f4ed958ea0/pytz-2026.2-py2.py3-none-any.whl", hash = "sha256:04156e608bee23d3792fd45c94ae47fae1036688e75032eea2e3bf0323d1f126", size = 510141, upload-time = "2026-05-04T01:35:27.408Z" },
]

[[package]]
name = "requests"
version = "2.34.2"
source = { registry = "https://pypi.org/simple" }
dependencies = [
    { name = "certifi", marker = "sys_platform == 'linux'" },
    { name = "charset-normalizer", marker = "sys_platform == 'linux'" },
    { name = "idna", marker = "sys_platform == 'linux'" },
    { name = "urllib3", marker = "sys_platform == 'linux'" },
]
sdist = { url = "https://files.pythonhosted.org/packages/ac/c3/e2a2b89f2d3e2179abd6d00ebd70bff6273f37fb3e0cc209f48b39d00cbf/requests-2.34.2.tar.gz", hash = "sha256:f288924cae4e29463698d6d60bc6a4da69c89185ad1e0bcc4104f584e960b9ed", size = 142856, upload-time = "2026-05-14T19:25:27.735Z" }
wheels = [
    { url = "https://files.pythonhosted.org/packages/a0/f4/c67b0b3f1b9245e8d266f0f112c500d50e5b4e83cb6f3b71b6528104182a/requests-2.34.2-py3-none-any.whl", hash = "sha256:2a0d60c172f83ac6ab31e4554906c0f3b3588d37b5cb939b1c061f4907e278e0", size = 73075, upload-time = "2026-05-14T19:25:26.443Z" },
]

[[package]]
name = "scikit-learn"
version = "1.0.2"
source = { registry = "https://pypi.org/simple" }
dependencies = [
    { name = "joblib", marker = "sys_platform == 'linux'" },
    { name = "numpy", marker = "sys_platform == 'linux'" },
    { name = "scipy", marker = "sys_platform == 'linux'" },
    { name = "threadpoolctl", marker = "sys_platform == 'linux'" },
]
sdist = { url = "https://files.pythonhosted.org/packages/75/44/074b780d8ac0b0899937e9b8ba6d5d8873a71b99aa915219251ef85a8890/scikit-learn-1.0.2.tar.gz", hash = "sha256:b5870959a5484b614f26d31ca4c17524b1b0317522199dc985c3b4256e030767", size = 6716208, upload-time = "2021-12-25T20:31:42.2Z" }
wheels = [
    { url = "https://files.pythonhosted.org/packages/32/88/6f47f4e5b8a26a5db480949998715fef69369767a820f2337e0e46ba9524/scikit_learn-1.0.2-cp310-cp310-manylinux_2_17_aarch64.manylinux2014_aarch64.whl", hash = "sha256:f14517e174bd7332f1cca2c959e704696a5e0ba246eb8763e6c24876d8710049", size = 26279776, upload-time = "2021-12-25T20:30:14.446Z" },
    { url = "https://files.pythonhosted.org/packages/83/2b/9625dd17ba7247b46c2d26b433451a82ca864b4e83bba0e7190f86537a39/scikit_learn-1.0.2-cp310-cp310-manylinux_2_17_x86_64.manylinux2014_x86_64.whl", hash = "sha256:d9aac97e57c196206179f674f09bc6bffcd0284e2ba95b7fe0b402ac3f986023", size = 26539628, upload-time = "2021-12-25T20:30:18.642Z" },
]

[[package]]
name = "scipy"
version = "1.7.3"
source = { registry = "https://pypi.org/simple" }
dependencies = [
    { name = "numpy", marker = "sys_platform == 'linux'" },
]
sdist = { url = "https://files.pythonhosted.org/packages/61/67/1a654b96309c991762ee9bc39c363fc618076b155fe52d295211cf2536c7/scipy-1.7.3.tar.gz", hash = "sha256:ab5875facfdef77e0a47d5fd39ea178b58e60e454a4c85aa1e52fcb80db7babf", size = 36102562, upload-time = "2021-11-24T16:14:11.065Z" }
wheels = [
    { url = "https://files.pythonhosted.org/packages/74/59/85b118ea77a1337fd4fad3f4df194c5a6b2e46aa4bcfa8c62a2bf1c8bd43/scipy-1.7.3-cp310-cp310-manylinux_2_17_aarch64.manylinux2014_aarch64.whl", hash = "sha256:ceebc3c4f6a109777c0053dfa0282fddb8893eddfb0d598574acfb734a926168", size = 36766069, upload-time = "2021-11-24T16:07:49.154Z" },
    { url = "https://files.pythonhosted.org/packages/0e/bd/50badd52af542bc9cbad515f55881578a7316dd53914e5993dcf0c70a937/scipy-1.7.3-cp310-cp310-manylinux_2_17_x86_64.manylinux2014_x86_64.whl", hash = "sha256:f7eaea089345a35130bc9a39b89ec1ff69c208efa97b3f8b25ea5d4c41d88094", size = 39925907, upload-time = "2021-11-24T16:07:54.035Z" },
]

[[package]]
name = "six"
version = "1.17.0"
source = { registry = "https://pypi.org/simple" }
sdist = { url = "https://files.pythonhosted.org/packages/94/e7/b2c673351809dca68a0e064b6af791aa332cf192da575fd474ed7d6f16a2/six-1.17.0.tar.gz", hash = "sha256:ff70335d468e7eb6ec65b95b99d3a2836546063f63acc5171de367e834932a81", size = 34031, upload-time = "2024-12-04T17:35:28.174Z" }
wheels = [
    { url = "https://files.pythonhosted.org/packages/b7/ce/149a00dd41f10bc29e5921b496af8b574d8413afcd5e30dfa0ed46c2cc5e/six-1.17.0-py2.py3-none-any.whl", hash = "sha256:4721f391ed90541fddacab5acf947aa0d3dc7d27b2e1e8eda2be8970586c3274", size = 11050, upload-time = "2024-12-04T17:35:26.475Z" },
]

[[package]]
name = "tensorboardx"
version = "2.6.5"
source = { registry = "https://pypi.org/simple" }
dependencies = [
    { name = "numpy", marker = "sys_platform == 'linux'" },
    { name = "packaging", marker = "sys_platform == 'linux'" },
    { name = "protobuf", marker = "sys_platform == 'linux'" },
]
sdist = { url = "https://files.pythonhosted.org/packages/48/a9/fc520ea91ab1f3ba51cbf3fe24f2b6364ed3b49046969e0868d46d6da372/tensorboardx-2.6.5.tar.gz", hash = "sha256:ca176db3997ee8c07d2eb77381225956a3fd1c10c91beafab1f17069adc47017", size = 4770195, upload-time = "2026-04-03T15:40:23.803Z" }
wheels = [
    { url = "https://files.pythonhosted.org/packages/87/0f/69fbab4c30b2f3a76e6de67585ea72a8eccf381751f5c0046b966fde9658/tensorboardx-2.6.5-py3-none-any.whl", hash = "sha256:c10b891d00af306537cb8b58a039b2ba41571f0da06f433a41c4ca8d6abe1373", size = 87510, upload-time = "2026-04-03T15:40:22.111Z" },
]

[[package]]
name = "threadpoolctl"
version = "3.6.0"
source = { registry = "https://pypi.org/simple" }
sdist = { url = "https://files.pythonhosted.org/packages/b7/4d/08c89e34946fce2aec4fbb45c9016efd5f4d7f24af8e5d93296e935631d8/threadpoolctl-3.6.0.tar.gz", hash = "sha256:8ab8b4aa3491d812b623328249fab5302a68d2d71745c8a4c719a2fcaba9f44e", size = 21274, upload-time = "2025-03-13T13:49:23.031Z" }
wheels = [
    { url = "https://files.pythonhosted.org/packages/32/d5/f9a850d79b0851d1d4ef6456097579a9005b31fea68726a4ae5f2d82ddd9/threadpoolctl-3.6.0-py3-none-any.whl", hash = "sha256:43a0b8fd5a2928500110039e43a5eed8480b918967083ea48dc3ab9f13c4a7fb", size = 18638, upload-time = "2025-03-13T13:49:21.846Z" },
]

[[package]]
name = "timm"
version = "0.4.12"
source = { registry = "https://pypi.org/simple" }
dependencies = [
    { name = "torch", version = "1.13.1", source = { registry = "https://download.pytorch.org/whl/cu116" }, marker = "platform_machine == 'aarch64' and sys_platform == 'linux'" },
    { name = "torch", version = "1.13.1+cu116", source = { registry = "https://download.pytorch.org/whl/cu116" }, marker = "platform_machine != 'aarch64' and sys_platform == 'linux'" },
    { name = "torchvision", version = "0.14.1", source = { registry = "https://download.pytorch.org/whl/cu116" }, marker = "platform_machine == 'aarch64' and sys_platform == 'linux'" },
    { name = "torchvision", version = "0.14.1+cu116", source = { registry = "https://download.pytorch.org/whl/cu116" }, marker = "platform_machine != 'aarch64' and sys_platform == 'linux'" },
]
sdist = { url = "https://files.pythonhosted.org/packages/a9/12/34f304a4b913069058f63613bf52d003b1f9af76586c25bc5577455ac4d6/timm-0.4.12.tar.gz", hash = "sha256:b14be70dbd4528b5ca8657cf5bc2672c7918c3d9ebfbffe80f4785b54e884b1e", size = 307439, upload-time = "2021-06-30T16:31:02.19Z" }
wheels = [
    { url = "https://files.pythonhosted.org/packages/90/fc/606bc5cf46acac3aa9bd179b3954433c026aaf88ea98d6b19f5d14c336da/timm-0.4.12-py3-none-any.whl", hash = "sha256:dba6b1702b7d24bf9f0f1c2fc394b4ee28f93cde5404f1dc732d63ccd00533b6", size = 376973, upload-time = "2021-06-30T16:31:00.256Z" },
]

[[package]]
name = "torch"
version = "1.13.1"
source = { registry = "https://download.pytorch.org/whl/cu116" }
resolution-markers = [
    "platform_machine == 'aarch64' and sys_platform == 'linux'",
]
dependencies = [
    { name = "typing-extensions", marker = "platform_machine == 'aarch64' and sys_platform == 'linux'" },
]
wheels = [
    { url = "https://download-r2.pytorch.org/whl/torch-1.13.1-cp310-cp310-manylinux2014_aarch64.whl", hash = "sha256:d9fe785d375f2e26a5d5eba5de91f89e6a3be5d11efb497e76705fdf93fa3c2e", upload-time = "2023-10-06T21:38:50Z" },
]

[[package]]
name = "torch"
version = "1.13.1+cu116"
source = { registry = "https://download.pytorch.org/whl/cu116" }
resolution-markers = [
    "platform_machine != 'aarch64' and sys_platform == 'linux'",
]
dependencies = [
    { name = "typing-extensions", marker = "platform_machine != 'aarch64' and sys_platform == 'linux'" },
]
wheels = [
    { url = "https://download-r2.pytorch.org/whl/cu116/torch-1.13.1%2Bcu116-cp310-cp310-linux_x86_64.whl", hash = "sha256:51d5870cdf05b6208b1c739fe0ba511b977eca37f9507829675596acc11b6ca4", upload-time = "2023-10-08T23:27:54Z" },
]

[[package]]
name = "torchvision"
version = "0.14.1"
source = { registry = "https://download.pytorch.org/whl/cu116" }
resolution-markers = [
    "platform_machine == 'aarch64' and sys_platform == 'linux'",
]
dependencies = [
    { name = "numpy", marker = "platform_machine == 'aarch64' and sys_platform == 'linux'" },
    { name = "pillow", marker = "platform_machine == 'aarch64' and sys_platform == 'linux'" },
    { name = "requests", marker = "platform_machine == 'aarch64' and sys_platform == 'linux'" },
    { name = "torch", version = "1.13.1", source = { registry = "https://download.pytorch.org/whl/cu116" }, marker = "platform_machine == 'aarch64' and sys_platform == 'linux'" },
    { name = "typing-extensions", marker = "platform_machine == 'aarch64' and sys_platform == 'linux'" },
]
wheels = [
    { url = "https://download-r2.pytorch.org/whl/torchvision-0.14.1-cp310-cp310-manylinux2014_aarch64.whl", hash = "sha256:8a9eb773a2fa8f516e404ac09c059fb14e6882c48fdbb9c946327d2ce5dba6cd", upload-time = "2023-10-06T21:47:19Z" },
]

[[package]]
name = "torchvision"
version = "0.14.1+cu116"
source = { registry = "https://download.pytorch.org/whl/cu116" }
resolution-markers = [
    "platform_machine != 'aarch64' and sys_platform == 'linux'",
]
dependencies = [
    { name = "numpy", marker = "platform_machine != 'aarch64' and sys_platform == 'linux'" },
    { name = "pillow", marker = "platform_machine != 'aarch64' and sys_platform == 'linux'" },
    { name = "requests", marker = "platform_machine != 'aarch64' and sys_platform == 'linux'" },
    { name = "torch", version = "1.13.1+cu116", source = { registry = "https://download.pytorch.org/whl/cu116" }, marker = "platform_machine != 'aarch64' and sys_platform == 'linux'" },
    { name = "typing-extensions", marker = "platform_machine != 'aarch64' and sys_platform == 'linux'" },
]
wheels = [
    { url = "https://download-r2.pytorch.org/whl/cu116/torchvision-0.14.1%2Bcu116-cp310-cp310-linux_x86_64.whl", hash = "sha256:fcb58d41bf95dd8b85d388fa1969d1dcad55eec055e317981d653a05c4ca6d8b", upload-time = "2023-10-08T23:40:37Z" },
]

[[package]]
name = "typing-extensions"
version = "4.15.0"
source = { registry = "https://pypi.org/simple" }
sdist = { url = "https://files.pythonhosted.org/packages/72/94/1a15dd82efb362ac84269196e94cf00f187f7ed21c242792a923cdb1c61f/typing_extensions-4.15.0.tar.gz", hash = "sha256:0cea48d173cc12fa28ecabc3b837ea3cf6f38c6d1136f85cbaaf598984861466", size = 109391, upload-time = "2025-08-25T13:49:26.313Z" }
wheels = [
    { url = "https://files.pythonhosted.org/packages/18/67/36e9267722cc04a6b9f15c7f3441c2363321a3ea07da7ae0c0707beb2a9c/typing_extensions-4.15.0-py3-none-any.whl", hash = "sha256:f0fa19c6845758ab08074a0cfa8b7aecb71c999ca73d62883bc25cc018c4e548", size = 44614, upload-time = "2025-08-25T13:49:24.86Z" },
]

[[package]]
name = "urllib3"
version = "2.7.0"
source = { registry = "https://pypi.org/simple" }
sdist = { url = "https://files.pythonhosted.org/packages/53/0c/06f8b233b8fd13b9e5ee11424ef85419ba0d8ba0b3138bf360be2ff56953/urllib3-2.7.0.tar.gz", hash = "sha256:231e0ec3b63ceb14667c67be60f2f2c40a518cb38b03af60abc813da26505f4c", size = 433602, upload-time = "2026-05-07T16:13:18.596Z" }
wheels = [
    { url = "https://files.pythonhosted.org/packages/7f/3e/5db95bcf282c52709639744ca2a8b149baccf648e39c8cc87553df9eae0c/urllib3-2.7.0-py3-none-any.whl", hash = "sha256:9fb4c81ebbb1ce9531cce37674bbc6f1360472bc18ca9a553ede278ef7276897", size = 131087, upload-time = "2026-05-07T16:13:17.151Z" },
]
